
Microsoft Visual Studio Solution File, Format Version 12.00
# Visual Studio 15
VisualStudioVersion = 15.0.28010.0
MinimumVisualStudioVersion = 10.0.40219.1
Project("{2150E333-8FDC-42A3-9474-1A3956D46DE8}") = "Ui", "Ui", "{A02DAB7D-1D2A-461B-8114-23567682F845}"
EndProject
Project("{2150E333-8FDC-42A3-9474-1A3956D46DE8}") = "Common", "Common", "{0123B793-6686-46E9-8235-8B84CF45F900}"
EndProject
Project("{2150E333-8FDC-42A3-9474-1A3956D46DE8}") = "Service", "Service", "{4702DA5C-AA74-414D-B2B5-67BB4D243474}"
EndProject
Project("{9A19103F-16F7-4668-BE54-9A1E7A4F7556}") = "Interfaces", "Common\Interfaces\Interfaces.csproj", "{C8636F8C-BB01-46CF-B85D-416BF1B32D4F}"
EndProject
Project("{9A19103F-16F7-4668-BE54-9A1E7A4F7556}") = "Models", "Common\Models\Models.csproj", "{D0A59748-AE8A-46A3-BADC-6F40C9EDB7AA}"
EndProject
Project("{9A19103F-16F7-4668-BE54-9A1E7A4F7556}") = "Angular", "UI\Angular\Angular.csproj", "{1C3A60F0-E27E-4EE0-8264-CC8CF734ED48}"
EndProject
Project("{2150E333-8FDC-42A3-9474-1A3956D46DE8}") = "Auth", "Auth", "{44139335-85D7-425E-878F-246DA868D5E7}"
EndProject
Project("{2150E333-8FDC-42A3-9474-1A3956D46DE8}") = "Cart", "Cart", "{DA03BB20-0A4E-4BD5-96BA-4FE7EF0D886E}"
EndProject
Project("{9A19103F-16F7-4668-BE54-9A1E7A4F7556}") = "AuthService", "Service\Auth\AuthService\AuthService.csproj", "{57542859-47FC-4713-8914-CFCCC6D4A2C6}"
EndProject
Project("{9A19103F-16F7-4668-BE54-9A1E7A4F7556}") = "AuthService.Common", "Service\Auth\AuthService.Common\AuthService.Common.csproj", "{34A5542A-99C4-46E1-BDED-A1B4151BB3C8}"
EndProject
Project("{9A19103F-16F7-4668-BE54-9A1E7A4F7556}") = "AuthService.DataAccess", "Service\Auth\AuthService.DataAccess\AuthService.DataAccess.csproj", "{153291D5-C668-4592-B55B-17D4B8D73EFF}"
EndProject
Project("{9A19103F-16F7-4668-BE54-9A1E7A4F7556}") = "AuthService.BusinessLogic", "Service\Auth\AuthService.BusinessLogic\AuthService.BusinessLogic.csproj", "{577522E8-DF64-4679-A515-F3969040FF0D}"
EndProject
Project("{2150E333-8FDC-42A3-9474-1A3956D46DE8}") = "Email", "Email", "{9B3BDB66-CB79-4569-8E4F-6869D0B071B4}"
EndProject
Project("{FAE04EC0-301F-11D3-BF4B-00C04F79EFBC}") = "EmailService.BLL", "EmailService.BLL\EmailService.BLL.csproj", "{0AB8BAE9-3631-4965-9D43-289A84608275}"
EndProject
Project("{FAE04EC0-301F-11D3-BF4B-00C04F79EFBC}") = "EmailService", "EmailService\EmailService.csproj", "{CE67DE32-C0AD-4A5A-87EB-0CB6F9A5B539}"
EndProject
Project("{FAE04EC0-301F-11D3-BF4B-00C04F79EFBC}") = "EmailService.UnitTest", "EmailService.UnitTest\EmailService.UnitTest.csproj", "{797C41EC-1838-4A7C-9A0A-4BEB520B3CD7}"
EndProject
Global
	GlobalSection(SolutionConfigurationPlatforms) = preSolution
		Debug|Any CPU = Debug|Any CPU
		Release|Any CPU = Release|Any CPU
	EndGlobalSection
	GlobalSection(ProjectConfigurationPlatforms) = postSolution
		{C8636F8C-BB01-46CF-B85D-416BF1B32D4F}.Debug|Any CPU.ActiveCfg = Debug|Any CPU
		{C8636F8C-BB01-46CF-B85D-416BF1B32D4F}.Debug|Any CPU.Build.0 = Debug|Any CPU
		{C8636F8C-BB01-46CF-B85D-416BF1B32D4F}.Release|Any CPU.ActiveCfg = Release|Any CPU
		{C8636F8C-BB01-46CF-B85D-416BF1B32D4F}.Release|Any CPU.Build.0 = Release|Any CPU
		{D0A59748-AE8A-46A3-BADC-6F40C9EDB7AA}.Debug|Any CPU.ActiveCfg = Debug|Any CPU
		{D0A59748-AE8A-46A3-BADC-6F40C9EDB7AA}.Debug|Any CPU.Build.0 = Debug|Any CPU
		{D0A59748-AE8A-46A3-BADC-6F40C9EDB7AA}.Release|Any CPU.ActiveCfg = Release|Any CPU
		{D0A59748-AE8A-46A3-BADC-6F40C9EDB7AA}.Release|Any CPU.Build.0 = Release|Any CPU
		{1C3A60F0-E27E-4EE0-8264-CC8CF734ED48}.Debug|Any CPU.ActiveCfg = Debug|Any CPU
		{1C3A60F0-E27E-4EE0-8264-CC8CF734ED48}.Debug|Any CPU.Build.0 = Debug|Any CPU
		{1C3A60F0-E27E-4EE0-8264-CC8CF734ED48}.Release|Any CPU.ActiveCfg = Release|Any CPU
		{1C3A60F0-E27E-4EE0-8264-CC8CF734ED48}.Release|Any CPU.Build.0 = Release|Any CPU
		{57542859-47FC-4713-8914-CFCCC6D4A2C6}.Debug|Any CPU.ActiveCfg = Debug|Any CPU
		{57542859-47FC-4713-8914-CFCCC6D4A2C6}.Debug|Any CPU.Build.0 = Debug|Any CPU
		{57542859-47FC-4713-8914-CFCCC6D4A2C6}.Release|Any CPU.ActiveCfg = Release|Any CPU
		{57542859-47FC-4713-8914-CFCCC6D4A2C6}.Release|Any CPU.Build.0 = Release|Any CPU
		{34A5542A-99C4-46E1-BDED-A1B4151BB3C8}.Debug|Any CPU.ActiveCfg = Debug|Any CPU
		{34A5542A-99C4-46E1-BDED-A1B4151BB3C8}.Debug|Any CPU.Build.0 = Debug|Any CPU
		{34A5542A-99C4-46E1-BDED-A1B4151BB3C8}.Release|Any CPU.ActiveCfg = Release|Any CPU
		{34A5542A-99C4-46E1-BDED-A1B4151BB3C8}.Release|Any CPU.Build.0 = Release|Any CPU
		{153291D5-C668-4592-B55B-17D4B8D73EFF}.Debug|Any CPU.ActiveCfg = Debug|Any CPU
		{153291D5-C668-4592-B55B-17D4B8D73EFF}.Debug|Any CPU.Build.0 = Debug|Any CPU
		{153291D5-C668-4592-B55B-17D4B8D73EFF}.Release|Any CPU.ActiveCfg = Release|Any CPU
		{153291D5-C668-4592-B55B-17D4B8D73EFF}.Release|Any CPU.Build.0 = Release|Any CPU
		{577522E8-DF64-4679-A515-F3969040FF0D}.Debug|Any CPU.ActiveCfg = Debug|Any CPU
		{577522E8-DF64-4679-A515-F3969040FF0D}.Debug|Any CPU.Build.0 = Debug|Any CPU
		{577522E8-DF64-4679-A515-F3969040FF0D}.Release|Any CPU.ActiveCfg = Release|Any CPU
		{577522E8-DF64-4679-A515-F3969040FF0D}.Release|Any CPU.Build.0 = Release|Any CPU
		{0AB8BAE9-3631-4965-9D43-289A84608275}.Debug|Any CPU.ActiveCfg = Debug|Any CPU
		{0AB8BAE9-3631-4965-9D43-289A84608275}.Debug|Any CPU.Build.0 = Debug|Any CPU
		{0AB8BAE9-3631-4965-9D43-289A84608275}.Release|Any CPU.ActiveCfg = Release|Any CPU
		{0AB8BAE9-3631-4965-9D43-289A84608275}.Release|Any CPU.Build.0 = Release|Any CPU
		{CE67DE32-C0AD-4A5A-87EB-0CB6F9A5B539}.Debug|Any CPU.ActiveCfg = Debug|Any CPU
		{CE67DE32-C0AD-4A5A-87EB-0CB6F9A5B539}.Debug|Any CPU.Build.0 = Debug|Any CPU
		{CE67DE32-C0AD-4A5A-87EB-0CB6F9A5B539}.Release|Any CPU.ActiveCfg = Release|Any CPU
		{CE67DE32-C0AD-4A5A-87EB-0CB6F9A5B539}.Release|Any CPU.Build.0 = Release|Any CPU
		{797C41EC-1838-4A7C-9A0A-4BEB520B3CD7}.Debug|Any CPU.ActiveCfg = Debug|Any CPU
		{797C41EC-1838-4A7C-9A0A-4BEB520B3CD7}.Debug|Any CPU.Build.0 = Debug|Any CPU
		{797C41EC-1838-4A7C-9A0A-4BEB520B3CD7}.Release|Any CPU.ActiveCfg = Release|Any CPU
		{797C41EC-1838-4A7C-9A0A-4BEB520B3CD7}.Release|Any CPU.Build.0 = Release|Any CPU
	EndGlobalSection
	GlobalSection(SolutionProperties) = preSolution
		HideSolutionNode = FALSE
	EndGlobalSection
	GlobalSection(NestedProjects) = preSolution
		{C8636F8C-BB01-46CF-B85D-416BF1B32D4F} = {0123B793-6686-46E9-8235-8B84CF45F900}
		{D0A59748-AE8A-46A3-BADC-6F40C9EDB7AA} = {0123B793-6686-46E9-8235-8B84CF45F900}
		{1C3A60F0-E27E-4EE0-8264-CC8CF734ED48} = {A02DAB7D-1D2A-461B-8114-23567682F845}
		{44139335-85D7-425E-878F-246DA868D5E7} = {4702DA5C-AA74-414D-B2B5-67BB4D243474}
		{DA03BB20-0A4E-4BD5-96BA-4FE7EF0D886E} = {4702DA5C-AA74-414D-B2B5-67BB4D243474}
		{57542859-47FC-4713-8914-CFCCC6D4A2C6} = {44139335-85D7-425E-878F-246DA868D5E7}
		{34A5542A-99C4-46E1-BDED-A1B4151BB3C8} = {44139335-85D7-425E-878F-246DA868D5E7}
		{153291D5-C668-4592-B55B-17D4B8D73EFF} = {44139335-85D7-425E-878F-246DA868D5E7}
		{577522E8-DF64-4679-A515-F3969040FF0D} = {44139335-85D7-425E-878F-246DA868D5E7}
		{9B3BDB66-CB79-4569-8E4F-6869D0B071B4} = {4702DA5C-AA74-414D-B2B5-67BB4D243474}
		{0AB8BAE9-3631-4965-9D43-289A84608275} = {9B3BDB66-CB79-4569-8E4F-6869D0B071B4}
		{CE67DE32-C0AD-4A5A-87EB-0CB6F9A5B539} = {9B3BDB66-CB79-4569-8E4F-6869D0B071B4}
		{797C41EC-1838-4A7C-9A0A-4BEB520B3CD7} = {9B3BDB66-CB79-4569-8E4F-6869D0B071B4}
	EndGlobalSection
	GlobalSection(ExtensibilityGlobals) = postSolution
		SolutionGuid = {71AC8846-4F38-4C27-BA8E-7FB324B33307}
	EndGlobalSection
EndGlobal
